
Microsoft Visual Studio Solution File, Format Version 12.00
# Visual Studio 15
VisualStudioVersion = 15.0.26730.12
MinimumVisualStudioVersion = 10.0.40219.1
Project("{FAE04EC0-301F-11D3-BF4B-00C04F79EFBC}") = "CloudMusicHelper", "CloudMusicHelper\CloudMusicHelper.csproj", "{06905F13-1EFF-4B42-AD91-9045624CE204}"
EndProject
Global
	GlobalSection(SolutionConfigurationPlatforms) = preSolution
		Debug|Any CPU = Debug|Any CPU
		Release|Any CPU = Release|Any CPU
	EndGlobalSection
	GlobalSection(ProjectConfigurationPlatforms) = postSolution
		{06905F13-1EFF-4B42-AD91-9045624CE204}.Debug|Any CPU.ActiveCfg = Debug|Any CPU
		{06905F13-1EFF-4B42-AD91-9045624CE204}.Debug|Any CPU.Build.0 = Debug|Any CPU
		{06905F13-1EFF-4B42-AD91-9045624CE204}.Release|Any CPU.ActiveCfg = Release|Any CPU
		{06905F13-1EFF-4B42-AD91-9045624CE204}.Release|Any CPU.Build.0 = Release|Any CPU
	EndGlobalSection
	GlobalSection(SolutionProperties) = preSolution
		HideSolutionNode = FALSE
	EndGlobalSection
	GlobalSection(ExtensibilityGlobals) = postSolution
		SolutionGuid = {C3F2A368-2CE5-4626-A61E-E484EA7BDC8E}
	EndGlobalSection
EndGlobal
